version = 1
revision = 3
requires-python = ">=3.13"

[[package]]
name = "certifi"
version = "2024.8.30"
source = { registry = "https://pypi.org/simple" }
sdist = { url = "https://files.pythonhosted.org/packages/b0/ee/9b19140fe824b367c04c5e1b369942dd754c4c5462d5674002f75c4dedc1/certifi-2024.8.30.tar.gz", hash = "sha256:bec941d2aa8195e248a60b31ff9f0558284cf01a52591ceda73ea9afffd69fd9", size = 168507, upload-time = "2024-08-30T01:55:04.365Z" }
wheels = [
    { url = "https://files.pythonhosted.org/packages/12/90/3c9ff0512038035f59d279fddeb79f5f1eccd8859f06d6163c58798b9487/certifi-2024.8.30-py3-none-any.whl", hash = "sha256:922820b53db7a7257ffbda3f597266d435245903d80737e34f8a45ff3e3230d8", size = 167321, upload-time = "2024-08-30T01:55:02.591Z" },
]

[[package]]
name = "charset-normalizer"
version = "3.4.0"
source = { registry = "https://pypi.org/simple" }
sdist = { url = "https://files.pythonhosted.org/packages/f2/4f/e1808dc01273379acc506d18f1504eb2d299bd4131743b9fc54d7be4df1e/charset_normalizer-3.4.0.tar.gz", hash = "sha256:223217c3d4f82c3ac5e29032b3f1c2eb0fb591b72161f86d93f5719079dae93e", size = 106620, upload-time = "2024-10-09T07:40:20.413Z" }
wheels = [
    { url = "https://files.pythonhosted.org/packages/f3/89/68a4c86f1a0002810a27f12e9a7b22feb198c59b2f05231349fbce5c06f4/charset_normalizer-3.4.0-cp313-cp313-macosx_10_13_universal2.whl", hash = "sha256:dd4eda173a9fcccb5f2e2bd2a9f423d180194b1bf17cf59e3269899235b2a114", size = 194617, upload-time = "2024-10-09T07:39:07.317Z" },
    { url = "https://files.pythonhosted.org/packages/4f/cd/8947fe425e2ab0aa57aceb7807af13a0e4162cd21eee42ef5b053447edf5/charset_normalizer-3.4.0-cp313-cp313-macosx_10_13_x86_64.whl", hash = "sha256:e9e3c4c9e1ed40ea53acf11e2a386383c3304212c965773704e4603d589343ed", size = 125310, upload-time = "2024-10-09T07:39:08.353Z" },
    { url = "https://files.pythonhosted.org/packages/5b/f0/b5263e8668a4ee9becc2b451ed909e9c27058337fda5b8c49588183c267a/charset_normalizer-3.4.0-cp313-cp313-macosx_11_0_arm64.whl", hash = "sha256:92a7e36b000bf022ef3dbb9c46bfe2d52c047d5e3f3343f43204263c5addc250", size = 119126, upload-time = "2024-10-09T07:39:09.327Z" },
    { url = "https://files.pythonhosted.org/packages/ff/6e/e445afe4f7fda27a533f3234b627b3e515a1b9429bc981c9a5e2aa5d97b6/charset_normalizer-3.4.0-cp313-cp313-manylinux_2_17_aarch64.manylinux2014_aarch64.whl", hash = "sha256:54b6a92d009cbe2fb11054ba694bc9e284dad30a26757b1e372a1fdddaf21920", size = 139342, upload-time = "2024-10-09T07:39:10.322Z" },
    { url = "https://files.pythonhosted.org/packages/a1/b2/4af9993b532d93270538ad4926c8e37dc29f2111c36f9c629840c57cd9b3/charset_normalizer-3.4.0-cp313-cp313-manylinux_2_17_ppc64le.manylinux2014_ppc64le.whl", hash = "sha256:1ffd9493de4c922f2a38c2bf62b831dcec90ac673ed1ca182fe11b4d8e9f2a64", size = 149383, upload-time = "2024-10-09T07:39:12.042Z" },
    { url = "https://files.pythonhosted.org/packages/fb/6f/4e78c3b97686b871db9be6f31d64e9264e889f8c9d7ab33c771f847f79b7/charset_normalizer-3.4.0-cp313-cp313-manylinux_2_17_s390x.manylinux2014_s390x.whl", hash = "sha256:35c404d74c2926d0287fbd63ed5d27eb911eb9e4a3bb2c6d294f3cfd4a9e0c23", size = 142214, upload-time = "2024-10-09T07:39:13.059Z" },
    { url = "https://files.pythonhosted.org/packages/2b/c9/1c8fe3ce05d30c87eff498592c89015b19fade13df42850aafae09e94f35/charset_normalizer-3.4.0-cp313-cp313-manylinux_2_17_x86_64.manylinux2014_x86_64.whl", hash = "sha256:4796efc4faf6b53a18e3d46343535caed491776a22af773f366534056c4e1fbc", size = 144104, upload-time = "2024-10-09T07:39:14.815Z" },
    { url = "https://files.pythonhosted.org/packages/ee/68/efad5dcb306bf37db7db338338e7bb8ebd8cf38ee5bbd5ceaaaa46f257e6/charset_normalizer-3.4.0-cp313-cp313-manylinux_2_5_i686.manylinux1_i686.manylinux_2_17_i686.manylinux2014_i686.whl", hash = "sha256:e7fdd52961feb4c96507aa649550ec2a0d527c086d284749b2f582f2d40a2e0d", size = 146255, upload-time = "2024-10-09T07:39:15.868Z" },
    { url = "https://files.pythonhosted.org/packages/0c/75/1ed813c3ffd200b1f3e71121c95da3f79e6d2a96120163443b3ad1057505/charset_normalizer-3.4.0-cp313-cp313-musllinux_1_2_aarch64.whl", hash = "sha256:92db3c28b5b2a273346bebb24857fda45601aef6ae1c011c0a997106581e8a88", size = 140251, upload-time = "2024-10-09T07:39:16.995Z" },
    { url = "https://files.pythonhosted.org/packages/7d/0d/6f32255c1979653b448d3c709583557a4d24ff97ac4f3a5be156b2e6a210/charset_normalizer-3.4.0-cp313-cp313-musllinux_1_2_i686.whl", hash = "sha256:ab973df98fc99ab39080bfb0eb3a925181454d7c3ac8a1e695fddfae696d9e90", size = 148474, upload-time = "2024-10-09T07:39:18.021Z" },
    { url = "https://files.pythonhosted.org/packages/ac/a0/c1b5298de4670d997101fef95b97ac440e8c8d8b4efa5a4d1ef44af82f0d/charset_normalizer-3.4.0-cp313-cp313-musllinux_1_2_ppc64le.whl", hash = "sha256:4b67fdab07fdd3c10bb21edab3cbfe8cf5696f453afce75d815d9d7223fbe88b", size = 151849, upload-time = "2024-10-09T07:39:19.243Z" },
    { url = "https://files.pythonhosted.org/packages/04/4f/b3961ba0c664989ba63e30595a3ed0875d6790ff26671e2aae2fdc28a399/charset_normalizer-3.4.0-cp313-cp313-musllinux_1_2_s390x.whl", hash = "sha256:aa41e526a5d4a9dfcfbab0716c7e8a1b215abd3f3df5a45cf18a12721d31cb5d", size = 149781, upload-time = "2024-10-09T07:39:20.397Z" },
    { url = "https://files.pythonhosted.org/packages/d8/90/6af4cd042066a4adad58ae25648a12c09c879efa4849c705719ba1b23d8c/charset_normalizer-3.4.0-cp313-cp313-musllinux_1_2_x86_64.whl", hash = "sha256:ffc519621dce0c767e96b9c53f09c5d215578e10b02c285809f76509a3931482", size = 144970, upload-time = "2024-10-09T07:39:21.452Z" },
    { url = "https://files.pythonhosted.org/packages/cc/67/e5e7e0cbfefc4ca79025238b43cdf8a2037854195b37d6417f3d0895c4c2/charset_normalizer-3.4.0-cp313-cp313-win32.whl", hash = "sha256:f19c1585933c82098c2a520f8ec1227f20e339e33aca8fa6f956f6691b784e67", size = 94973, upload-time = "2024-10-09T07:39:22.509Z" },
    { url = "https://files.pythonhosted.org/packages/65/97/fc9bbc54ee13d33dc54a7fcf17b26368b18505500fc01e228c27b5222d80/charset_normalizer-3.4.0-cp313-cp313-win_amd64.whl", hash = "sha256:707b82d19e65c9bd28b81dde95249b07bf9f5b90ebe1ef17d9b57473f8a64b7b", size = 102308, upload-time = "2024-10-09T07:39:23.524Z" },
    { url = "https://files.pythonhosted.org/packages/bf/9b/08c0432272d77b04803958a4598a51e2a4b51c06640af8b8f0f908c18bf2/charset_normalizer-3.4.0-py3-none-any.whl", hash = "sha256:fe9f97feb71aa9896b81973a7bbada8c49501dc73e58a10fcef6663af95e5079", size = 49446, upload-time = "2024-10-09T07:40:19.383Z" },
]

[[package]]
name = "click"
version = "8.1.7"
source = { registry = "https://pypi.org/simple" }
dependencies = [
    { name = "colorama", marker = "sys_platform == 'win32'" },
]
sdist = { url = "https://files.pythonhosted.org/packages/96/d3/f04c7bfcf5c1862a2a5b845c6b2b360488cf47af55dfa79c98f6a6bf98b5/click-8.1.7.tar.gz", hash = "sha256:ca9853ad459e787e2192211578cc907e7594e294c7ccc834310722b41b9ca6de", size = 336121, upload-time = "2023-08-17T17:29:11.868Z" }
wheels = [
    { url = "https://files.pythonhosted.org/packages/00/2e/d53fa4befbf2cfa713304affc7ca780ce4fc1fd8710527771b58311a3229/click-8.1.7-py3-none-any.whl", hash = "sha256:ae74fb96c20a0277a1d615f1e4d73c8414f5a98db8b799a7931d1582f3390c28", size = 97941, upload-time = "2023-08-17T17:29:10.08Z" },
]

[[package]]
name = "colorama"
version = "0.4.6"
source = { registry = "https://pypi.org/simple" }
sdist = { url = "https://files.pythonhosted.org/packages/d8/53/6f443c9a4a8358a93a6792e2acffb9d9d5cb0a5cfd8802644b7b1c9a02e4/colorama-0.4.6.tar.gz", hash = "sha256:08695f5cb7ed6e0531a20572697297273c47b8cae5a63ffc6d6ed5c201be6e44", size = 27697, upload-time = "2022-10-25T02:36:22.414Z" }
wheels = [
    { url = "https://files.pythonhosted.org/packages/d1/d6/3965ed04c63042e047cb6a3e6ed1a63a35087b6a609aa3a15ed8ac56c221/colorama-0.4.6-py2.py3-none-any.whl", hash = "sha256:4f1d9991f5acc0ca119f9d443620b77f9d6b33703e51011c16baf57afb285fc6", size = 25335, upload-time = "2022-10-25T02:36:20.889Z" },
]

[[package]]
name = "idna"
version = "3.10"
source = { registry = "https://pypi.org/simple" }
sdist = { url = "https://files.pythonhosted.org/packages/f1/70/7703c29685631f5a7590aa73f1f1d3fa9a380e654b86af429e0934a32f7d/idna-3.10.tar.gz", hash = "sha256:12f65c9b470abda6dc35cf8e63cc574b1c52b11df2c86030af0ac09b01b13ea9", size = 190490, upload-time = "2024-09-15T18:07:39.745Z" }
wheels = [
    { url = "https://files.pythonhosted.org/packages/76/c6/c88e154df9c4e1a2a66ccf0005a88dfb2650c1dffb6f5ce603dfbd452ce3/idna-3.10-py3-none-any.whl", hash = "sha256:946d195a0d259cbba61165e88e65941f16e9b36ea6ddb97f00452bae8b1287d3", size = 70442, upload-time = "2024-09-15T18:07:37.964Z" },
]

[[package]]
name = "markdown-it-py"
version = "3.0.0"
source = { registry = "https://pypi.org/simple" }
dependencies = [
    { name = "mdurl" },
]
sdist = { url = "https://files.pythonhosted.org/packages/38/71/3b932df36c1a044d397a1f92d1cf91ee0a503d91e470cbd670aa66b07ed0/markdown-it-py-3.0.0.tar.gz", hash = "sha256:e3f60a94fa066dc52ec76661e37c851cb232d92f9886b15cb560aaada2df8feb", size = 74596, upload-time = "2023-06-03T06:41:14.443Z" }
wheels = [
    { url = "https://files.pythonhosted.org/packages/42/d7/1ec15b46af6af88f19b8e5ffea08fa375d433c998b8a7639e76935c14f1f/markdown_it_py-3.0.0-py3-none-any.whl", hash = "sha256:355216845c60bd96232cd8d8c40e8f9765cc86f46880e43a8fd22dc1a1a8cab1", size = 87528, upload-time = "2023-06-03T06:41:11.019Z" },
]

[[package]]
name = "mdurl"
version = "0.1.2"
source = { registry = "https://pypi.org/simple" }
sdist = { url = "https://files.pythonhosted.org/packages/d6/54/cfe61301667036ec958cb99bd3efefba235e65cdeb9c84d24a8293ba1d90/mdurl-0.1.2.tar.gz", hash = "sha256:bb413d29f5eea38f31dd4754dd7377d4465116fb207585f97bf925588687c1ba", size = 8729, upload-time = "2022-08-14T12:40:10.846Z" }
wheels = [
    { url = "https://files.pythonhosted.org/packages/b3/38/89ba8ad64ae25be8de66a6d463314cf1eb366222074cfda9ee839c56a4b4/mdurl-0.1.2-py3-none-any.whl", hash = "sha256:84008a41e51615a49fc9966191ff91509e3c40b939176e643fd50a5c2196b8f8", size = 9979, upload-time = "2022-08-14T12:40:09.779Z" },
]

[[package]]
name = "mypy"
version = "1.15.0"
source = { registry = "https://pypi.org/simple" }
dependencies = [
    { name = "mypy-extensions" },
    { name = "typing-extensions" },
]
sdist = { url = "https://files.pythonhosted.org/packages/ce/43/d5e49a86afa64bd3839ea0d5b9c7103487007d728e1293f52525d6d5486a/mypy-1.15.0.tar.gz", hash = "sha256:404534629d51d3efea5c800ee7c42b72a6554d6c400e6a79eafe15d11341fd43", size = 3239717, upload-time = "2025-02-05T03:50:34.655Z" }
wheels = [
    { url = "https://files.pythonhosted.org/packages/6a/9b/fd2e05d6ffff24d912f150b87db9e364fa8282045c875654ce7e32fffa66/mypy-1.15.0-cp313-cp313-macosx_10_13_x86_64.whl", hash = "sha256:93faf3fdb04768d44bf28693293f3904bbb555d076b781ad2530214ee53e3445", size = 10788592, upload-time = "2025-02-05T03:48:55.789Z" },
    { url = "https://files.pythonhosted.org/packages/74/37/b246d711c28a03ead1fd906bbc7106659aed7c089d55fe40dd58db812628/mypy-1.15.0-cp313-cp313-macosx_11_0_arm64.whl", hash = "sha256:811aeccadfb730024c5d3e326b2fbe9249bb7413553f15499a4050f7c30e801d", size = 9753611, upload-time = "2025-02-05T03:48:44.581Z" },
    { url = "https://files.pythonhosted.org/packages/a6/ac/395808a92e10cfdac8003c3de9a2ab6dc7cde6c0d2a4df3df1b815ffd067/mypy-1.15.0-cp313-cp313-manylinux_2_17_aarch64.manylinux2014_aarch64.manylinux_2_28_aarch64.whl", hash = "sha256:98b7b9b9aedb65fe628c62a6dc57f6d5088ef2dfca37903a7d9ee374d03acca5", size = 11438443, upload-time = "2025-02-05T03:49:25.514Z" },
    { url = "https://files.pythonhosted.org/packages/d2/8b/801aa06445d2de3895f59e476f38f3f8d610ef5d6908245f07d002676cbf/mypy-1.15.0-cp313-cp313-manylinux_2_17_x86_64.manylinux2014_x86_64.manylinux_2_28_x86_64.whl", hash = "sha256:c43a7682e24b4f576d93072216bf56eeff70d9140241f9edec0c104d0c515036", size = 12402541, upload-time = "2025-02-05T03:49:57.623Z" },
    { url = "https://files.pythonhosted.org/packages/c7/67/5a4268782eb77344cc613a4cf23540928e41f018a9a1ec4c6882baf20ab8/mypy-1.15.0-cp313-cp313-musllinux_1_2_x86_64.whl", hash = "sha256:baefc32840a9f00babd83251560e0ae1573e2f9d1b067719479bfb0e987c6357", size = 12494348, upload-time = "2025-02-05T03:48:52.361Z" },
    { url = "https://files.pythonhosted.org/packages/83/3e/57bb447f7bbbfaabf1712d96f9df142624a386d98fb026a761532526057e/mypy-1.15.0-cp313-cp313-win_amd64.whl", hash = "sha256:b9378e2c00146c44793c98b8d5a61039a048e31f429fb0eb546d93f4b000bedf", size = 9373648, upload-time = "2025-02-05T03:49:11.395Z" },
    { url = "https://files.pythonhosted.org/packages/09/4e/a7d65c7322c510de2c409ff3828b03354a7c43f5a8ed458a7a131b41c7b9/mypy-1.15.0-py3-none-any.whl", hash = "sha256:5469affef548bd1895d86d3bf10ce2b44e33d86923c29e4d675b3e323437ea3e", size = 2221777, upload-time = "2025-02-05T03:50:08.348Z" },
]

[[package]]
name = "mypy-extensions"
version = "1.0.0"
source = { registry = "https://pypi.org/simple" }
sdist = { url = "https://files.pythonhosted.org/packages/98/a4/1ab47638b92648243faf97a5aeb6ea83059cc3624972ab6b8d2316078d3f/mypy_extensions-1.0.0.tar.gz", hash = "sha256:75dbf8955dc00442a438fc4d0666508a9a97b6bd41aa2f0ffe9d2f2725af0782", size = 4433, upload-time = "2023-02-04T12:11:27.157Z" }
wheels = [
    { url = "https://files.pythonhosted.org/packages/2a/e2/5d3f6ada4297caebe1a2add3b126fe800c96f56dbe5d1988a2cbe0b267aa/mypy_extensions-1.0.0-py3-none-any.whl", hash = "sha256:4392f6c0eb8a5668a69e23d168ffa70f0be9ccfd32b5cc2d26a34ae5b844552d", size = 4695, upload-time = "2023-02-04T12:11:25.002Z" },
]

[[package]]
name = "pygments"
version = "2.18.0"
source = { registry = "https://pypi.org/simple" }
sdist = { url = "https://files.pythonhosted.org/packages/8e/62/8336eff65bcbc8e4cb5d05b55faf041285951b6e80f33e2bff2024788f31/pygments-2.18.0.tar.gz", hash = "sha256:786ff802f32e91311bff3889f6e9a86e81505fe99f2735bb6d60ae0c5004f199", size = 4891905, upload-time = "2024-05-04T13:42:02.013Z" }
wheels = [
    { url = "https://files.pythonhosted.org/packages/f7/3f/01c8b82017c199075f8f788d0d906b9ffbbc5a47dc9918a945e13d5a2bda/pygments-2.18.0-py3-none-any.whl", hash = "sha256:b8e6aca0523f3ab76fee51799c488e38782ac06eafcf95e7ba832985c8e7b13a", size = 1205513, upload-time = "2024-05-04T13:41:57.345Z" },
]

[[package]]
name = "pytz"
version = "2025.1"
source = { registry = "https://pypi.org/simple" }
sdist = { url = "https://files.pythonhosted.org/packages/5f/57/df1c9157c8d5a05117e455d66fd7cf6dbc46974f832b1058ed4856785d8a/pytz-2025.1.tar.gz", hash = "sha256:c2db42be2a2518b28e65f9207c4d05e6ff547d1efa4086469ef855e4ab70178e", size = 319617, upload-time = "2025-01-31T01:54:48.615Z" }
wheels = [
    { url = "https://files.pythonhosted.org/packages/eb/38/ac33370d784287baa1c3d538978b5e2ea064d4c1b93ffbd12826c190dd10/pytz-2025.1-py2.py3-none-any.whl", hash = "sha256:89dd22dca55b46eac6eda23b2d72721bf1bdfef212645d81513ef5d03038de57", size = 507930, upload-time = "2025-01-31T01:54:45.634Z" },
]

[[package]]
name = "requests"
version = "2.32.3"
source = { registry = "https://pypi.org/simple" }
dependencies = [
    { name = "certifi" },
    { name = "charset-normalizer" },
    { name = "idna" },
    { name = "urllib3" },
]
sdist = { url = "https://files.pythonhosted.org/packages/63/70/2bf7780ad2d390a8d301ad0b550f1581eadbd9a20f896afe06353c2a2913/requests-2.32.3.tar.gz", hash = "sha256:55365417734eb18255590a9ff9eb97e9e1da868d4ccd6402399eaf68af20a760", size = 131218, upload-time = "2024-05-29T15:37:49.536Z" }
wheels = [
    { url = "https://files.pythonhosted.org/packages/f9/9b/335f9764261e915ed497fcdeb11df5dfd6f7bf257d4a6a2a686d80da4d54/requests-2.32.3-py3-none-any.whl", hash = "sha256:70761cfe03c773ceb22aa2f671b4757976145175cdfca038c02654d061d6dcc6", size = 64928, upload-time = "2024-05-29T15:37:47.027Z" },
]

[[package]]
name = "rich"
version = "13.9.2"
source = { registry = "https://pypi.org/simple" }
dependencies = [
    { name = "markdown-it-py" },
    { name = "pygments" },
]
sdist = { url = "https://files.pythonhosted.org/packages/aa/9e/1784d15b057b0075e5136445aaea92d23955aad2c93eaede673718a40d95/rich-13.9.2.tar.gz", hash = "sha256:51a2c62057461aaf7152b4d611168f93a9fc73068f8ded2790f29fe2b5366d0c", size = 222843, upload-time = "2024-10-04T11:50:31.453Z" }
wheels = [
    { url = "https://files.pythonhosted.org/packages/67/91/5474b84e505a6ccc295b2d322d90ff6aa0746745717839ee0c5fb4fdcceb/rich-13.9.2-py3-none-any.whl", hash = "sha256:8c82a3d3f8dcfe9e734771313e606b39d8247bb6b826e196f4914b333b743cf1", size = 242117, upload-time = "2024-10-04T11:50:29.123Z" },
]

[[package]]
name = "ruff"
version = "0.9.7"
source = { registry = "https://pypi.org/simple" }
sdist = { url = "https://files.pythonhosted.org/packages/39/8b/a86c300359861b186f18359adf4437ac8e4c52e42daa9eedc731ef9d5b53/ruff-0.9.7.tar.gz", hash = "sha256:643757633417907510157b206e490c3aa11cab0c087c912f60e07fbafa87a4c6", size = 3669813, upload-time = "2025-02-20T13:26:52.111Z" }
wheels = [
    { url = "https://files.pythonhosted.org/packages/b1/f3/3a1d22973291226df4b4e2ff70196b926b6f910c488479adb0eeb42a0d7f/ruff-0.9.7-py3-none-linux_armv6l.whl", hash = "sha256:99d50def47305fe6f233eb8dabfd60047578ca87c9dcb235c9723ab1175180f4", size = 11774588, upload-time = "2025-02-20T13:25:52.253Z" },
    { url = "https://files.pythonhosted.org/packages/8e/c9/b881f4157b9b884f2994fd08ee92ae3663fb24e34b0372ac3af999aa7fc6/ruff-0.9.7-py3-none-macosx_10_12_x86_64.whl", hash = "sha256:d59105ae9c44152c3d40a9c40d6331a7acd1cdf5ef404fbe31178a77b174ea66", size = 11746848, upload-time = "2025-02-20T13:25:57.279Z" },
    { url = "https://files.pythonhosted.org/packages/14/89/2f546c133f73886ed50a3d449e6bf4af27d92d2f960a43a93d89353f0945/ruff-0.9.7-py3-none-macosx_11_0_arm64.whl", hash = "sha256:f313b5800483770bd540cddac7c90fc46f895f427b7820f18fe1822697f1fec9", size = 11177525, upload-time = "2025-02-20T13:26:00.007Z" },
    { url = "https://files.pythonhosted.org/packages/d7/93/6b98f2c12bf28ab9def59c50c9c49508519c5b5cfecca6de871cf01237f6/ruff-0.9.7-py3-none-manylinux_2_17_aarch64.manylinux2014_aarch64.whl", hash = "sha256:042ae32b41343888f59c0a4148f103208bf6b21c90118d51dc93a68366f4e903", size = 11996580, upload-time = "2025-02-20T13:26:03.274Z" },
    { url = "https://files.pythonhosted.org/packages/8e/3f/b3fcaf4f6d875e679ac2b71a72f6691a8128ea3cb7be07cbb249f477c061/ruff-0.9.7-py3-none-manylinux_2_17_armv7l.manylinux2014_armv7l.whl", hash = "sha256:87862589373b33cc484b10831004e5e5ec47dc10d2b41ba770e837d4f429d721", size = 11525674, upload-time = "2025-02-20T13:26:06.073Z" },
    { url = "https://files.pythonhosted.org/packages/f0/48/33fbf18defb74d624535d5d22adcb09a64c9bbabfa755bc666189a6b2210/ruff-0.9.7-py3-none-manylinux_2_17_i686.manylinux2014_i686.whl", hash = "sha256:a17e1e01bee0926d351a1ee9bc15c445beae888f90069a6192a07a84af544b6b", size = 12739151, upload-time = "2025-02-20T13:26:08.964Z" },
    { url = "https://files.pythonhosted.org/packages/63/b5/7e161080c5e19fa69495cbab7c00975ef8a90f3679caa6164921d7f52f4a/ruff-0.9.7-py3-none-manylinux_2_17_ppc64.manylinux2014_ppc64.whl", hash = "sha256:7c1f880ac5b2cbebd58b8ebde57069a374865c73f3bf41f05fe7a179c1c8ef22", size = 13416128, upload-time = "2025-02-20T13:26:12.54Z" },
    { url = "https://files.pythonhosted.org/packages/4e/c8/b5e7d61fb1c1b26f271ac301ff6d9de5e4d9a9a63f67d732fa8f200f0c88/ruff-0.9.7-py3-none-manylinux_2_17_ppc64le.manylinux2014_ppc64le.whl", hash = "sha256:e63fc20143c291cab2841dbb8260e96bafbe1ba13fd3d60d28be2c71e312da49", size = 12870858, upload-time = "2025-02-20T13:26:16.794Z" },
    { url = "https://files.pythonhosted.org/packages/da/cb/2a1a8e4e291a54d28259f8fc6a674cd5b8833e93852c7ef5de436d6ed729/ruff-0.9.7-py3-none-manylinux_2_17_s390x.manylinux2014_s390x.whl", hash = "sha256:91ff963baed3e9a6a4eba2a02f4ca8eaa6eba1cc0521aec0987da8d62f53cbef", size = 14786046, upload-time = "2025-02-20T13:26:19.85Z" },
    { url = "https://files.pythonhosted.org/packages/ca/6c/c8f8a313be1943f333f376d79724260da5701426c0905762e3ddb389e3f4/ruff-0.9.7-py3-none-manylinux_2_17_x86_64.manylinux2014_x86_64.whl", hash = "sha256:88362e3227c82f63eaebf0b2eff5b88990280fb1ecf7105523883ba8c3aaf6fb", size = 12550834, upload-time = "2025-02-20T13:26:23.082Z" },
    { url = "https://files.pythonhosted.org/packages/9d/ad/f70cf5e8e7c52a25e166bdc84c082163c9c6f82a073f654c321b4dff9660/ruff-0.9.7-py3-none-musllinux_1_2_aarch64.whl", hash = "sha256:0372c5a90349f00212270421fe91874b866fd3626eb3b397ede06cd385f6f7e0", size = 11961307, upload-time = "2025-02-20T13:26:26.738Z" },
    { url = "https://files.pythonhosted.org/packages/52/d5/4f303ea94a5f4f454daf4d02671b1fbfe2a318b5fcd009f957466f936c50/ruff-0.9.7-py3-none-musllinux_1_2_armv7l.whl", hash = "sha256:d76b8ab60e99e6424cd9d3d923274a1324aefce04f8ea537136b8398bbae0a62", size = 11612039, upload-time = "2025-02-20T13:26:30.26Z" },
    { url = "https://files.pythonhosted.org/packages/eb/c8/bd12a23a75603c704ce86723be0648ba3d4ecc2af07eecd2e9fa112f7e19/ruff-0.9.7-py3-none-musllinux_1_2_i686.whl", hash = "sha256:0c439bdfc8983e1336577f00e09a4e7a78944fe01e4ea7fe616d00c3ec69a3d0", size = 12168177, upload-time = "2025-02-20T13:26:33.452Z" },
    { url = "https://files.pythonhosted.org/packages/cc/57/d648d4f73400fef047d62d464d1a14591f2e6b3d4a15e93e23a53c20705d/ruff-0.9.7-py3-none-musllinux_1_2_x86_64.whl", hash = "sha256:115d1f15e8fdd445a7b4dc9a30abae22de3f6bcabeb503964904471691ef7606", size = 12610122, upload-time = "2025-02-20T13:26:37.365Z" },
    { url = "https://files.pythonhosted.org/packages/49/79/acbc1edd03ac0e2a04ae2593555dbc9990b34090a9729a0c4c0cf20fb595/ruff-0.9.7-py3-none-win32.whl", hash = "sha256:e9ece95b7de5923cbf38893f066ed2872be2f2f477ba94f826c8defdd6ec6b7d", size = 9988751, upload-time = "2025-02-20T13:26:40.366Z" },
    { url = "https://files.pythonhosted.org/packages/6d/95/67153a838c6b6ba7a2401241fd8a00cd8c627a8e4a0491b8d853dedeffe0/ruff-0.9.7-py3-none-win_amd64.whl", hash = "sha256:3770fe52b9d691a15f0b87ada29c45324b2ace8f01200fb0c14845e499eb0c2c", size = 11002987, upload-time = "2025-02-20T13:26:43.762Z" },
    { url = "https://files.pythonhosted.org/packages/63/6a/aca01554949f3a401991dc32fe22837baeaccb8a0d868256cbb26a029778/ruff-0.9.7-py3-none-win_arm64.whl", hash = "sha256:b075a700b2533feb7a01130ff656a4ec0d5f340bb540ad98759b8401c32c2037", size = 10177763, upload-time = "2025-02-20T13:26:48.92Z" },
]

[[package]]
name = "shellingham"
version = "1.5.4"
source = { registry = "https://pypi.org/simple" }
sdist = { url = "https://files.pythonhosted.org/packages/58/15/8b3609fd3830ef7b27b655beb4b4e9c62313a4e8da8c676e142cc210d58e/shellingham-1.5.4.tar.gz", hash = "sha256:8dbca0739d487e5bd35ab3ca4b36e11c4078f3a234bfce294b0a0291363404de", size = 10310, upload-time = "2023-10-24T04:13:40.426Z" }
wheels = [
    { url = "https://files.pythonhosted.org/packages/e0/f9/0595336914c5619e5f28a1fb793285925a8cd4b432c9da0a987836c7f822/shellingham-1.5.4-py2.py3-none-any.whl", hash = "sha256:7ecfff8f2fd72616f7481040475a65b2bf8af90a56c89140852d1120324e8686", size = 9755, upload-time = "2023-10-24T04:13:38.866Z" },
]

[[package]]
name = "typer"
version = "0.15.1"
source = { registry = "https://pypi.org/simple" }
dependencies = [
    { name = "click" },
    { name = "rich" },
    { name = "shellingham" },
    { name = "typing-extensions" },
]
sdist = { url = "https://files.pythonhosted.org/packages/cb/ce/dca7b219718afd37a0068f4f2530a727c2b74a8b6e8e0c0080a4c0de4fcd/typer-0.15.1.tar.gz", hash = "sha256:a0588c0a7fa68a1978a069818657778f86abe6ff5ea6abf472f940a08bfe4f0a", size = 99789, upload-time = "2024-12-04T17:44:58.956Z" }
wheels = [
    { url = "https://files.pythonhosted.org/packages/d0/cc/0a838ba5ca64dc832aa43f727bd586309846b0ffb2ce52422543e6075e8a/typer-0.15.1-py3-none-any.whl", hash = "sha256:7994fb7b8155b64d3402518560648446072864beefd44aa2dc36972a5972e847", size = 44908, upload-time = "2024-12-04T17:44:57.291Z" },
]

[[package]]
name = "types-pytz"
version = "2025.1.0.20250204"
source = { registry = "https://pypi.org/simple" }
sdist = { url = "https://files.pythonhosted.org/packages/b3/d2/2190c54d53c04491ad72a1df019c5dfa692e6ab6c2dba1be7b6c9d530e30/types_pytz-2025.1.0.20250204.tar.gz", hash = "sha256:00f750132769f1c65a4f7240bc84f13985b4da774bd17dfbe5d9cd442746bd49", size = 10352, upload-time = "2025-02-04T02:39:05.553Z" }
wheels = [
    { url = "https://files.pythonhosted.org/packages/be/50/65ffad73746f1d8b15992c030e0fd22965fd5ae2c0206dc28873343b3230/types_pytz-2025.1.0.20250204-py3-none-any.whl", hash = "sha256:32ca4a35430e8b94f6603b35beb7f56c32260ddddd4f4bb305fdf8f92358b87e", size = 10059, upload-time = "2025-02-04T02:39:03.899Z" },
]

[[package]]
name = "types-requests"
version = "2.32.4.20250913"
source = { registry = "https://pypi.org/simple" }
dependencies = [
    { name = "urllib3" },
]
sdist = { url = "https://files.pythonhosted.org/packages/36/27/489922f4505975b11de2b5ad07b4fe1dca0bca9be81a703f26c5f3acfce5/types_requests-2.32.4.20250913.tar.gz", hash = "sha256:abd6d4f9ce3a9383f269775a9835a4c24e5cd6b9f647d64f88aa4613c33def5d", size = 23113, upload-time = "2025-09-13T02:40:02.309Z" }
wheels = [
    { url = "https://files.pythonhosted.org/packages/2a/20/9a227ea57c1285986c4cf78400d0a91615d25b24e257fd9e2969606bdfae/types_requests-2.32.4.20250913-py3-none-any.whl", hash = "sha256:78c9c1fffebbe0fa487a418e0fa5252017e9c60d1a2da394077f1780f655d7e1", size = 20658, upload-time = "2025-09-13T02:40:01.115Z" },
]

[[package]]
name = "typing-extensions"
version = "4.12.2"
source = { registry = "https://pypi.org/simple" }
sdist = { url = "https://files.pythonhosted.org/packages/df/db/f35a00659bc03fec321ba8bce9420de607a1d37f8342eee1863174c69557/typing_extensions-4.12.2.tar.gz", hash = "sha256:1a7ead55c7e559dd4dee8856e3a88b41225abfe1ce8df57b7c13915fe121ffb8", size = 85321, upload-time = "2024-06-07T18:52:15.995Z" }
wheels = [
    { url = "https://files.pythonhosted.org/packages/26/9f/ad63fc0248c5379346306f8668cda6e2e2e9c95e01216d2b8ffd9ff037d0/typing_extensions-4.12.2-py3-none-any.whl", hash = "sha256:04e5ca0351e0f3f85c6853954072df659d0d13fac324d0072316b67d7794700d", size = 37438, upload-time = "2024-06-07T18:52:13.582Z" },
]

[[package]]
name = "update-top-ranking-issues"
version = "0.1.0"
source = { virtual = "." }
dependencies = [
    { name = "mypy" },
    { name = "pytz" },
    { name = "requests" },
    { name = "ruff" },
    { name = "typer" },
    { name = "types-pytz" },
    { name = "types-requests" },
]

[package.metadata]
requires-dist = [
    { name = "mypy", specifier = ">=1.15.0" },
    { name = "pytz", specifier = ">=2025.1" },
    { name = "requests", specifier = ">=2.32.0" },
    { name = "ruff", specifier = ">=0.9.7" },
    { name = "typer", specifier = ">=0.15.1" },
    { name = "types-pytz", specifier = ">=2025.1.0.20250204" },
    { name = "types-requests", specifier = ">=2.32.0" },
]

[[package]]
name = "urllib3"
version = "2.2.3"
source = { registry = "https://pypi.org/simple" }
sdist = { url = "https://files.pythonhosted.org/packages/ed/63/22ba4ebfe7430b76388e7cd448d5478814d3032121827c12a2cc287e2260/urllib3-2.2.3.tar.gz", hash = "sha256:e7d814a81dad81e6caf2ec9fdedb284ecc9c73076b62654547cc64ccdcae26e9", size = 300677, upload-time = "2024-09-12T10:52:18.401Z" }
wheels = [
    { url = "https://files.pythonhosted.org/packages/ce/d9/5f4c13cecde62396b0d3fe530a50ccea91e7dfc1ccf0e09c228841bb5ba8/urllib3-2.2.3-py3-none-any.whl", hash = "sha256:ca899ca043dcb1bafa3e262d73aa25c465bfb49e0bd9dd5d59f1d0acba2f8fac", size = 126338, upload-time = "2024-09-12T10:52:16.589Z" },
]
