{
  "name": "tree-sitter-context-predicate",
  "lockfileVersion": 2,
  "requires": true,
  "packages": {
    "": {
      "name": "tree-sitter-context-predicate",
      "dependencies": {
        "nan": "^2.14.0"
      },
      "devDependencies": {
        "tree-sitter-cli": "^0.19.5"
      }
    },
    "node_modules/nan": {
      "version": "2.14.2",
      "resolved": "https://registry.npmjs.org/nan/-/nan-2.14.2.tgz",
      "integrity": "sha512-M2ufzIiINKCuDfBSAUr1vWQ+vuVcA9kqx8JJUsbQi6yf1uGRyb7HfpdfUr5qLXf3B/t8dPvcjhKMmlfnP47EzQ=="
    },
    "node_modules/tree-sitter-cli": {
      "version": "0.19.5",
      "resolved": "https://registry.npmjs.org/tree-sitter-cli/-/tree-sitter-cli-0.19.5.tgz",
      "integrity": "sha512-kRzKrUAwpDN9AjA3b0tPBwT1hd8N2oQvvvHup2OEsX6mdsSMLmAvR+NSqK9fe05JrRbVvG8mbteNUQsxlMQohQ==",
      "dev": true,
      "hasInstallScript": true,
      "bin": {
        "tree-sitter": "cli.js"
      }
    }
  },
  "dependencies": {
    "nan": {
      "version": "2.14.2",
      "resolved": "https://registry.npmjs.org/nan/-/nan-2.14.2.tgz",
      "integrity": "sha512-M2ufzIiINKCuDfBSAUr1vWQ+vuVcA9kqx8JJUsbQi6yf1uGRyb7HfpdfUr5qLXf3B/t8dPvcjhKMmlfnP47EzQ=="
    },
    "tree-sitter-cli": {
      "version": "0.19.5",
      "resolved": "https://registry.npmjs.org/tree-sitter-cli/-/tree-sitter-cli-0.19.5.tgz",
      "integrity": "sha512-kRzKrUAwpDN9AjA3b0tPBwT1hd8N2oQvvvHup2OEsX6mdsSMLmAvR+NSqK9fe05JrRbVvG8mbteNUQsxlMQohQ==",
      "dev": true
    }
  }
}
