{
  "object": {
    "pins": [
      {
        "package": "LiveKit",
        "repositoryURL": "https://github.com/livekit/client-sdk-swift.git",
        "state": {
          "branch": null,
          "revision": "7331b813a5ab8a95cfb81fb2b4ed10519428b9ff",
          "version": "1.0.12"
        }
      },
      {
        "package": "Promises",
        "repositoryURL": "https://github.com/google/promises.git",
        "state": {
          "branch": null,
          "revision": "ec957ccddbcc710ccc64c9dcbd4c7006fcf8b73a",
          "version": "2.2.0"
        }
      },
      {
        "package": "WebRTC",
        "repositoryURL": "https://github.com/webrtc-sdk/Specs.git",
        "state": {
          "branch": null,
          "revision": "2f6bab30c8df0fe59ab3e58bc99097f757f85f65",
          "version": "104.5112.17"
        }
      },
      {
        "package": "swift-log",
        "repositoryURL": "https://github.com/apple/swift-log.git",
        "state": {
          "branch": null,
          "revision": "32e8d724467f8fe623624570367e3d50c5638e46",
          "version": "1.5.2"
        }
      },
      {
        "package": "SwiftProtobuf",
        "repositoryURL": "https://github.com/apple/swift-protobuf.git",
        "state": {
          "branch": null,
          "revision": "0af9125c4eae12a4973fb66574c53a54962a9e1e",
          "version": "1.21.0"
        }
      }
    ]
  },
  "version": 1
}
